
Microsoft Visual Studio Solution File, Format Version 12.00
# Visual Studio Version 17
VisualStudioVersion = 17.0.32112.339
MinimumVisualStudioVersion = 10.0.40219.1
Project("{FAE04EC0-301F-11D3-BF4B-00C04F79EFBC}") = "SteamBingoGame", "SteamBingoGame\SteamBingoGame.csproj", "{5BD3E153-9929-4E5E-9216-3290F2CEA077}"
EndProject
Global
	GlobalSection(SolutionConfigurationPlatforms) = preSolution
		Debug|Any CPU = Debug|Any CPU
		Release|Any CPU = Release|Any CPU
	EndGlobalSection
	GlobalSection(ProjectConfigurationPlatforms) = postSolution
		{5BD3E153-9929-4E5E-9216-3290F2CEA077}.Debug|Any CPU.ActiveCfg = Debug|Any CPU
		{5BD3E153-9929-4E5E-9216-3290F2CEA077}.Debug|Any CPU.Build.0 = Debug|Any CPU
		{5BD3E153-9929-4E5E-9216-3290F2CEA077}.Release|Any CPU.ActiveCfg = Release|Any CPU
		{5BD3E153-9929-4E5E-9216-3290F2CEA077}.Release|Any CPU.Build.0 = Release|Any CPU
	EndGlobalSection
	GlobalSection(SolutionProperties) = preSolution
		HideSolutionNode = FALSE
	EndGlobalSection
	GlobalSection(ExtensibilityGlobals) = postSolution
		SolutionGuid = {D30FFEA3-3594-4A7F-924B-06F299469CAE}
	EndGlobalSection
EndGlobal
